    "name": "micronest",
            "name": "micronest",
                "firebase-admin": "^13.4.0",
            "extraneous": true,
        "node_modules/@fastify/busboy": {
            "version": "3.1.1",
            "resolved": "https://registry.npmjs.org/@fastify/busboy/-/busboy-3.1.1.tgz",
            "integrity": "sha512-5DGmA8FTdB2XbDeEwc/5ZXBl6UbBAyBOOLlPuBnZ/N1SwdH9Ii+cOX3tBROlDgcTXxjOYnLMVoKk9+FXAw0CJw==",
            "license": "MIT"
        },
        "node_modules/@firebase/app-check-interop-types": {
            "version": "0.3.3",
            "resolved": "https://registry.npmjs.org/@firebase/app-check-interop-types/-/app-check-interop-types-0.3.3.tgz",
            "integrity": "sha512-gAlxfPLT2j8bTI/qfe3ahl2I2YcBQ8cFIBdhAQA4I2f3TndcO+22YizyGYuttLHPQEpWkhmpFW60VCFEPg4g5A==",
            "license": "Apache-2.0"
        },
        "node_modules/@firebase/app-types": {
            "version": "0.9.3",
            "resolved": "https://registry.npmjs.org/@firebase/app-types/-/app-types-0.9.3.tgz",
            "integrity": "sha512-kRVpIl4vVGJ4baogMDINbyrIOtOxqhkZQg4jTq3l8Lw6WSk0xfpEYzezFu+Kl4ve4fbPl79dvwRtaFqAC/ucCw==",
            "license": "Apache-2.0"
        },
        "node_modules/@firebase/auth-interop-types": {
            "version": "0.2.4",
            "resolved": "https://registry.npmjs.org/@firebase/auth-interop-types/-/auth-interop-types-0.2.4.tgz",
            "integrity": "sha512-JPgcXKCuO+CWqGDnigBtvo09HeBs5u/Ktc2GaFj2m01hLarbxthLNm7Fk8iOP1aqAtXV+fnnGj7U28xmk7IwVA==",
            "license": "Apache-2.0"
        },
        "node_modules/@firebase/component": {
            "version": "0.6.17",
            "resolved": "https://registry.npmjs.org/@firebase/component/-/component-0.6.17.tgz",
            "integrity": "sha512-M6DOg7OySrKEFS8kxA3MU5/xc37fiOpKPMz6cTsMUcsuKB6CiZxxNAvgFta8HGRgEpZbi8WjGIj6Uf+TpOhyzg==",
            "license": "Apache-2.0",
            "dependencies": {
                "@firebase/util": "1.12.0",
                "tslib": "^2.1.0"
            },
            "engines": {
                "node": ">=18.0.0"
            }
        },
        "node_modules/@firebase/database": {
            "version": "1.0.19",
            "resolved": "https://registry.npmjs.org/@firebase/database/-/database-1.0.19.tgz",
            "integrity": "sha512-khE+MIYK+XlIndVn/7mAQ9F1fwG5JHrGKaG72hblCC6JAlUBDd3SirICH6SMCf2PQ0iYkruTECth+cRhauacyQ==",
            "license": "Apache-2.0",
            "dependencies": {
                "@firebase/app-check-interop-types": "0.3.3",
                "@firebase/auth-interop-types": "0.2.4",
                "@firebase/component": "0.6.17",
                "@firebase/logger": "0.4.4",
                "@firebase/util": "1.12.0",
                "faye-websocket": "0.11.4",
                "tslib": "^2.1.0"
            },
            "engines": {
                "node": ">=18.0.0"
            }
        },
        "node_modules/@firebase/database-compat": {
            "version": "2.0.10",
            "resolved": "https://registry.npmjs.org/@firebase/database-compat/-/database-compat-2.0.10.tgz",
            "integrity": "sha512-3sjl6oGaDDYJw/Ny0E5bO6v+KM3KoD4Qo/sAfHGdRFmcJ4QnfxOX9RbG9+ce/evI3m64mkPr24LlmTDduqMpog==",
            "license": "Apache-2.0",
            "dependencies": {
                "@firebase/component": "0.6.17",
                "@firebase/database": "1.0.19",
                "@firebase/database-types": "1.0.14",
                "@firebase/logger": "0.4.4",
                "@firebase/util": "1.12.0",
                "tslib": "^2.1.0"
            },
            "engines": {
                "node": ">=18.0.0"
            }
        },
        "node_modules/@firebase/database-types": {
            "version": "1.0.14",
            "resolved": "https://registry.npmjs.org/@firebase/database-types/-/database-types-1.0.14.tgz",
            "integrity": "sha512-8a0Q1GrxM0akgF0RiQHliinhmZd+UQPrxEmUv7MnQBYfVFiLtKOgs3g6ghRt/WEGJHyQNslZ+0PocIwNfoDwKw==",
            "license": "Apache-2.0",
            "dependencies": {
                "@firebase/app-types": "0.9.3",
                "@firebase/util": "1.12.0"
            }
        },
        "node_modules/@firebase/logger": {
            "version": "0.4.4",
            "resolved": "https://registry.npmjs.org/@firebase/logger/-/logger-0.4.4.tgz",
            "integrity": "sha512-mH0PEh1zoXGnaR8gD1DeGeNZtWFKbnz9hDO91dIml3iou1gpOnLqXQ2dJfB71dj6dpmUjcQ6phY3ZZJbjErr9g==",
            "license": "Apache-2.0",
            "dependencies": {
                "tslib": "^2.1.0"
            },
            "engines": {
                "node": ">=18.0.0"
            }
        },
        "node_modules/@firebase/util": {
            "version": "1.12.0",
            "resolved": "https://registry.npmjs.org/@firebase/util/-/util-1.12.0.tgz",
            "integrity": "sha512-Z4rK23xBCwgKDqmzGVMef+Vb4xso2j5Q8OG0vVL4m4fA5ZjPMYQazu8OJJC3vtQRC3SQ/Pgx/6TPNVsCd70QRw==",
            "hasInstallScript": true,
            "license": "Apache-2.0",
            "dependencies": {
                "tslib": "^2.1.0"
            },
            "engines": {
                "node": ">=18.0.0"
            }
        },
        "node_modules/@google-cloud/firestore": {
            "version": "7.11.1",
            "resolved": "https://registry.npmjs.org/@google-cloud/firestore/-/firestore-7.11.1.tgz",
            "integrity": "sha512-ZxOdH8Wr01hBDvKCQfMWqwUcfNcN3JY19k1LtS1fTFhEyorYPLsbWN+VxIRL46pOYGHTPkU3Or5HbT/SLQM5nA==",
            "license": "Apache-2.0",
            "optional": true,
            "dependencies": {
                "@opentelemetry/api": "^1.3.0",
                "fast-deep-equal": "^3.1.1",
                "functional-red-black-tree": "^1.0.1",
                "google-gax": "^4.3.3",
                "protobufjs": "^7.2.6"
            },
            "engines": {
                "node": ">=14.0.0"
            }
        },
        "node_modules/@google-cloud/paginator": {
            "version": "5.0.2",
            "resolved": "https://registry.npmjs.org/@google-cloud/paginator/-/paginator-5.0.2.tgz",
            "integrity": "sha512-DJS3s0OVH4zFDB1PzjxAsHqJT6sKVbRwwML0ZBP9PbU7Yebtu/7SWMRzvO2J3nUi9pRNITCfu4LJeooM2w4pjg==",
            "license": "Apache-2.0",
            "optional": true,
            "dependencies": {
                "arrify": "^2.0.0",
                "extend": "^3.0.2"
            },
            "engines": {
                "node": ">=14.0.0"
            }
        },
        "node_modules/@google-cloud/projectify": {
            "version": "4.0.0",
            "resolved": "https://registry.npmjs.org/@google-cloud/projectify/-/projectify-4.0.0.tgz",
            "integrity": "sha512-MmaX6HeSvyPbWGwFq7mXdo0uQZLGBYCwziiLIGq5JVX+/bdI3SAq6bP98trV5eTWfLuvsMcIC1YJOF2vfteLFA==",
            "license": "Apache-2.0",
            "optional": true,
            "engines": {
                "node": ">=14.0.0"
            }
        },
        "node_modules/@google-cloud/promisify": {
            "version": "4.0.0",
            "resolved": "https://registry.npmjs.org/@google-cloud/promisify/-/promisify-4.0.0.tgz",
            "integrity": "sha512-Orxzlfb9c67A15cq2JQEyVc7wEsmFBmHjZWZYQMUyJ1qivXyMwdyNOs9odi79hze+2zqdTtu1E19IM/FtqZ10g==",
            "license": "Apache-2.0",
            "optional": true,
            "engines": {
                "node": ">=14"
            }
        },
        "node_modules/@google-cloud/storage": {
            "version": "7.16.0",
            "resolved": "https://registry.npmjs.org/@google-cloud/storage/-/storage-7.16.0.tgz",
            "integrity": "sha512-7/5LRgykyOfQENcm6hDKP8SX/u9XxE5YOiWOkgkwcoO+cG8xT/cyOvp9wwN3IxfdYgpHs8CE7Nq2PKX2lNaEXw==",
            "license": "Apache-2.0",
            "optional": true,
            "dependencies": {
                "@google-cloud/paginator": "^5.0.0",
                "@google-cloud/projectify": "^4.0.0",
                "@google-cloud/promisify": "<4.1.0",
                "abort-controller": "^3.0.0",
                "async-retry": "^1.3.3",
                "duplexify": "^4.1.3",
                "fast-xml-parser": "^4.4.1",
                "gaxios": "^6.0.2",
                "google-auth-library": "^9.6.3",
                "html-entities": "^2.5.2",
                "mime": "^3.0.0",
                "p-limit": "^3.0.1",
                "retry-request": "^7.0.0",
                "teeny-request": "^9.0.0",
                "uuid": "^8.0.0"
            },
            "engines": {
                "node": ">=14"
            }
        },
        "node_modules/@google-cloud/storage/node_modules/mime": {
            "version": "3.0.0",
            "resolved": "https://registry.npmjs.org/mime/-/mime-3.0.0.tgz",
            "integrity": "sha512-jSCU7/VB1loIWBZe14aEYHU/+1UMEHoaO7qxCOVJOw9GgH72VAWppxNcjU+x9a2k3GSIBXNKxXQFqRvvZ7vr3A==",
            "license": "MIT",
            "optional": true,
            "bin": {
                "mime": "cli.js"
            },
            "engines": {
                "node": ">=10.0.0"
            }
        },
        "node_modules/@google-cloud/storage/node_modules/uuid": {
            "version": "8.3.2",
            "resolved": "https://registry.npmjs.org/uuid/-/uuid-8.3.2.tgz",
            "integrity": "sha512-+NYs2QeMWy+GWFOEm9xnn6HCDp0l7QBD7ml8zLUmJ+93Q5NF0NocErnwkTkXVFNiX3/fpC6afS8Dhb/gz7R7eg==",
            "license": "MIT",
            "optional": true,
            "bin": {
                "uuid": "dist/bin/uuid"
            }
        },
        "node_modules/@grpc/grpc-js": {
            "version": "1.13.4",
            "resolved": "https://registry.npmjs.org/@grpc/grpc-js/-/grpc-js-1.13.4.tgz",
            "integrity": "sha512-GsFaMXCkMqkKIvwCQjCrwH+GHbPKBjhwo/8ZuUkWHqbI73Kky9I+pQltrlT0+MWpedCoosda53lgjYfyEPgxBg==",
            "license": "Apache-2.0",
            "optional": true,
            "dependencies": {
                "@grpc/proto-loader": "^0.7.13",
                "@js-sdsl/ordered-map": "^4.4.2"
            },
            "engines": {
                "node": ">=12.10.0"
            }
        },
        "node_modules/@grpc/proto-loader": {
            "version": "0.7.15",
            "resolved": "https://registry.npmjs.org/@grpc/proto-loader/-/proto-loader-0.7.15.tgz",
            "integrity": "sha512-tMXdRCfYVixjuFK+Hk0Q1s38gV9zDiDJfWL3h1rv4Qc39oILCu1TRTDt7+fGUI8K4G1Fj125Hx/ru3azECWTyQ==",
            "license": "Apache-2.0",
            "optional": true,
            "dependencies": {
                "lodash.camelcase": "^4.3.0",
                "long": "^5.0.0",
                "protobufjs": "^7.2.5",
                "yargs": "^17.7.2"
            },
            "bin": {
                "proto-loader-gen-types": "build/bin/proto-loader-gen-types.js"
            },
            "engines": {
                "node": ">=6"
            }
        },
        "node_modules/@js-sdsl/ordered-map": {
            "version": "4.4.2",
            "resolved": "https://registry.npmjs.org/@js-sdsl/ordered-map/-/ordered-map-4.4.2.tgz",
            "integrity": "sha512-iUKgm52T8HOE/makSxjqoWhe95ZJA1/G1sYsGev2JDKUSS14KAgg1LHb+Ba+IPow0xflbnSkOsZcO08C7w1gYw==",
            "license": "MIT",
            "optional": true,
            "funding": {
                "type": "opencollective",
                "url": "https://opencollective.com/js-sdsl"
            }
        },
        "node_modules/@opentelemetry/api": {
            "version": "1.9.0",
            "resolved": "https://registry.npmjs.org/@opentelemetry/api/-/api-1.9.0.tgz",
            "integrity": "sha512-3giAOQvZiH5F9bMlMiv8+GSPMeqg0dbaeo58/0SlA9sxSqZhnUtxzX9/2FzyhS9sWQf5S0GJE0AKBrFqjpeYcg==",
            "license": "Apache-2.0",
            "optional": true,
            "engines": {
                "node": ">=8.0.0"
            }
        },
        "node_modules/@protobufjs/aspromise": {
            "version": "1.1.2",
            "resolved": "https://registry.npmjs.org/@protobufjs/aspromise/-/aspromise-1.1.2.tgz",
            "integrity": "sha512-j+gKExEuLmKwvz3OgROXtrJ2UG2x8Ch2YZUxahh+s1F2HZ+wAceUNLkvy6zKCPVRkU++ZWQrdxsUeQXmcg4uoQ==",
            "license": "BSD-3-Clause",
            "optional": true
        },
        "node_modules/@protobufjs/base64": {
            "version": "1.1.2",
            "resolved": "https://registry.npmjs.org/@protobufjs/base64/-/base64-1.1.2.tgz",
            "integrity": "sha512-AZkcAA5vnN/v4PDqKyMR5lx7hZttPDgClv83E//FMNhR2TMcLUhfRUBHCmSl0oi9zMgDDqRUJkSxO3wm85+XLg==",
            "license": "BSD-3-Clause",
            "optional": true
        },
        "node_modules/@protobufjs/codegen": {
            "version": "2.0.4",
            "resolved": "https://registry.npmjs.org/@protobufjs/codegen/-/codegen-2.0.4.tgz",
            "integrity": "sha512-YyFaikqM5sH0ziFZCN3xDC7zeGaB/d0IUb9CATugHWbd1FRFwWwt4ld4OYMPWu5a3Xe01mGAULCdqhMlPl29Jg==",
            "license": "BSD-3-Clause",
            "optional": true
        },
        "node_modules/@protobufjs/eventemitter": {
            "version": "1.1.0",
            "resolved": "https://registry.npmjs.org/@protobufjs/eventemitter/-/eventemitter-1.1.0.tgz",
            "integrity": "sha512-j9ednRT81vYJ9OfVuXG6ERSTdEL1xVsNgqpkxMsbIabzSo3goCjDIveeGv5d03om39ML71RdmrGNjG5SReBP/Q==",
            "license": "BSD-3-Clause",
            "optional": true
        },
        "node_modules/@protobufjs/fetch": {
            "version": "1.1.0",
            "resolved": "https://registry.npmjs.org/@protobufjs/fetch/-/fetch-1.1.0.tgz",
            "integrity": "sha512-lljVXpqXebpsijW71PZaCYeIcE5on1w5DlQy5WH6GLbFryLUrBD4932W/E2BSpfRJWseIL4v/KPgBFxDOIdKpQ==",
            "license": "BSD-3-Clause",
            "optional": true,
            "dependencies": {
                "@protobufjs/aspromise": "^1.1.1",
                "@protobufjs/inquire": "^1.1.0"
            }
        },
        "node_modules/@protobufjs/float": {
            "version": "1.0.2",
            "resolved": "https://registry.npmjs.org/@protobufjs/float/-/float-1.0.2.tgz",
            "integrity": "sha512-Ddb+kVXlXst9d+R9PfTIxh1EdNkgoRe5tOX6t01f1lYWOvJnSPDBlG241QLzcyPdoNTsblLUdujGSE4RzrTZGQ==",
            "license": "BSD-3-Clause",
            "optional": true
        },
        "node_modules/@protobufjs/inquire": {
            "version": "1.1.0",
            "resolved": "https://registry.npmjs.org/@protobufjs/inquire/-/inquire-1.1.0.tgz",
            "integrity": "sha512-kdSefcPdruJiFMVSbn801t4vFK7KB/5gd2fYvrxhuJYg8ILrmn9SKSX2tZdV6V+ksulWqS7aXjBcRXl3wHoD9Q==",
            "license": "BSD-3-Clause",
            "optional": true
        },
        "node_modules/@protobufjs/path": {
            "version": "1.1.2",
            "resolved": "https://registry.npmjs.org/@protobufjs/path/-/path-1.1.2.tgz",
            "integrity": "sha512-6JOcJ5Tm08dOHAbdR3GrvP+yUUfkjG5ePsHYczMFLq3ZmMkAD98cDgcT2iA1lJ9NVwFd4tH/iSSoe44YWkltEA==",
            "license": "BSD-3-Clause",
            "optional": true
        },
        "node_modules/@protobufjs/pool": {
            "version": "1.1.0",
            "resolved": "https://registry.npmjs.org/@protobufjs/pool/-/pool-1.1.0.tgz",
            "integrity": "sha512-0kELaGSIDBKvcgS4zkjz1PeddatrjYcmMWOlAuAPwAeccUrPHdUqo/J6LiymHHEiJT5NrF1UVwxY14f+fy4WQw==",
            "license": "BSD-3-Clause",
            "optional": true
        },
        "node_modules/@protobufjs/utf8": {
            "version": "1.1.0",
            "resolved": "https://registry.npmjs.org/@protobufjs/utf8/-/utf8-1.1.0.tgz",
            "integrity": "sha512-Vvn3zZrhQZkkBE8LSuW3em98c0FwgO4nxzv6OdSxPKJIEKY2bGbHn+mhGIPerzI4twdxaP8/0+06HBpwf345Lw==",
            "license": "BSD-3-Clause",
            "optional": true
        },
            "devOptional": true,
        "node_modules/@types/caseless": {
            "version": "0.12.5",
            "resolved": "https://registry.npmjs.org/@types/caseless/-/caseless-0.12.5.tgz",
            "integrity": "sha512-hWtVTC2q7hc7xZ/RLbxapMvDMgUnDvKvMOpKal4DrMyfGBUfB1oKaZlIRr6mJL+If3bAP6sV/QneGzF6tJjZDg==",
            "license": "MIT",
            "optional": true
        },
        "node_modules/@types/jsonwebtoken": {
            "version": "9.0.10",
            "resolved": "https://registry.npmjs.org/@types/jsonwebtoken/-/jsonwebtoken-9.0.10.tgz",
            "integrity": "sha512-asx5hIG9Qmf/1oStypjanR7iKTv0gXQ1Ov/jfrX6kS/EO0OFni8orbmGCn0672NHR3kXHwpAwR+B368ZGN/2rA==",
            "license": "MIT",
            "dependencies": {
                "@types/ms": "*",
                "@types/node": "*"
            }
        },
        "node_modules/@types/long": {
            "version": "4.0.2",
            "resolved": "https://registry.npmjs.org/@types/long/-/long-4.0.2.tgz",
            "integrity": "sha512-MqTGEo5bj5t157U6fA/BiDynNkn0YknVdh48CMPkTSpFTVmvao5UQmm7uEF6xBEo7qIMAlY/JSleYaE6VOdpaA==",
            "license": "MIT",
            "optional": true
        },
            "license": "MIT"
        },
        "node_modules/@types/ms": {
            "version": "2.1.0",
            "resolved": "https://registry.npmjs.org/@types/ms/-/ms-2.1.0.tgz",
            "integrity": "sha512-GsCCIZDE/p3i96vtEqx+7dBUGXrc7zeSK3wwPHIaRThS+9OhWIXRqzs4d6k1SVU8g91DrNRWxWUGhp5KXQb2VA==",
        "node_modules/@types/request": {
            "version": "2.48.12",
            "resolved": "https://registry.npmjs.org/@types/request/-/request-2.48.12.tgz",
            "integrity": "sha512-G3sY+NpsA9jnwm0ixhAFQSJ3Q9JkpLZpJbI3GMv0mIAT0y3mRabYeINzal5WOChIiaTEGQYlHOKgkaM9EisWHw==",
            "license": "MIT",
            "optional": true,
            "dependencies": {
                "@types/caseless": "*",
                "@types/node": "*",
                "@types/tough-cookie": "*",
                "form-data": "^2.5.0"
            }
        },
        "node_modules/@types/request/node_modules/form-data": {
            "version": "2.5.3",
            "resolved": "https://registry.npmjs.org/form-data/-/form-data-2.5.3.tgz",
            "integrity": "sha512-XHIrMD0NpDrNM/Ckf7XJiBbLl57KEhT3+i3yY+eWm+cqYZJQTZrKo8Y8AWKnuV5GT4scfuUGt9LzNoIx3dU1nQ==",
            "license": "MIT",
            "optional": true,
            "dependencies": {
                "asynckit": "^0.4.0",
                "combined-stream": "^1.0.8",
                "es-set-tostringtag": "^2.1.0",
                "mime-types": "^2.1.35",
                "safe-buffer": "^5.2.1"
            },
            "engines": {
                "node": ">= 0.12"
            }
        },
            "devOptional": true,
            "devOptional": true,
            "devOptional": true,
        "node_modules/arrify": {
            "version": "2.0.1",
            "resolved": "https://registry.npmjs.org/arrify/-/arrify-2.0.1.tgz",
            "integrity": "sha512-3duEwti880xqi4eAMN8AyR4a0ByT90zoYdLlevfrvU43vb0YZwZVfxOgxWrLXXXpyugL0hNZc9G6BiB5B3nUug==",
            "license": "MIT",
            "optional": true,
            "engines": {
                "node": ">=8"
            }
        },
        "node_modules/async-retry": {
            "version": "1.3.3",
            "resolved": "https://registry.npmjs.org/async-retry/-/async-retry-1.3.3.tgz",
            "integrity": "sha512-wfr/jstw9xNi/0teMHrRW7dsz3Lt5ARhYNZ2ewpadnhaIp5mbALhOAP+EAdsC7t4Z6wqsDVv9+W6gm1Dk9mEyw==",
            "license": "MIT",
            "optional": true,
            "dependencies": {
                "retry": "0.13.1"
            }
        },
        "node_modules/bignumber.js": {
            "version": "9.3.0",
            "resolved": "https://registry.npmjs.org/bignumber.js/-/bignumber.js-9.3.0.tgz",
            "integrity": "sha512-EM7aMFTXbptt/wZdMlBv2t8IViwQL+h6SLHosp8Yf0dqJMTnY6iL32opnAB6kAdL0SZPuvcAzFr31o0c/R3/RA==",
            "license": "MIT",
            "engines": {
                "node": "*"
            }
        },
        "node_modules/buffer-equal-constant-time": {
            "version": "1.0.1",
            "resolved": "https://registry.npmjs.org/buffer-equal-constant-time/-/buffer-equal-constant-time-1.0.1.tgz",
            "integrity": "sha512-zRpUiDwd/xk6ADqPMATG8vc9VPrkck7T07OIx0gnjmJAnHnTVXNQG3vfvWNuiZIkwu9KrKdA1iJKfsfTVxE6NA==",
            "license": "BSD-3-Clause"
        },
            "devOptional": true,
        "node_modules/duplexify": {
            "version": "4.1.3",
            "resolved": "https://registry.npmjs.org/duplexify/-/duplexify-4.1.3.tgz",
            "integrity": "sha512-M3BmBhwJRZsSx38lZyhE53Csddgzl5R7xGJNk7CVddZD6CcmwMCH8J+7AprIrQKH7TonKxaCjcv27Qmf+sQ+oA==",
            "license": "MIT",
            "optional": true,
            "dependencies": {
                "end-of-stream": "^1.4.1",
                "inherits": "^2.0.3",
                "readable-stream": "^3.1.1",
                "stream-shift": "^1.0.2"
            }
        },
        "node_modules/ecdsa-sig-formatter": {
            "version": "1.0.11",
            "resolved": "https://registry.npmjs.org/ecdsa-sig-formatter/-/ecdsa-sig-formatter-1.0.11.tgz",
            "integrity": "sha512-nagl3RYrbNv6kQkeJIpt6NJZy8twLB/2vtz6yN9Z4vRKHN4/QZJIEbqohALSgwKdnksuY3k5Addp5lg8sVoVcQ==",
            "license": "Apache-2.0",
            "dependencies": {
                "safe-buffer": "^5.0.1"
            }
        },
            "devOptional": true,
            "devOptional": true,
            "devOptional": true,
            "devOptional": true,
            "devOptional": true,
        "node_modules/farmhash-modern": {
            "version": "1.1.0",
            "resolved": "https://registry.npmjs.org/farmhash-modern/-/farmhash-modern-1.1.0.tgz",
            "integrity": "sha512-6ypT4XfgqJk/F3Yuv4SX26I3doUjt0GTG4a+JgWxXQpxXzTBq8fPUeGHfcYMMDPHJHm3yPOSjaeBwBGAHWXCdA==",
            "license": "MIT",
            "engines": {
                "node": ">=18.0.0"
            }
        },
            "devOptional": true,
        "node_modules/fast-xml-parser": {
            "version": "4.5.3",
            "resolved": "https://registry.npmjs.org/fast-xml-parser/-/fast-xml-parser-4.5.3.tgz",
            "integrity": "sha512-RKihhV+SHsIUGXObeVy9AXiBbFwkVk7Syp8XgwN5U3JV416+Gwp/GO9i0JYKmikykgz/UHRrrV4ROuZEo/T0ig==",
            "funding": [
                {
                    "type": "github",
                    "url": "https://github.com/sponsors/NaturalIntelligence"
                }
            ],
            "license": "MIT",
            "optional": true,
            "dependencies": {
                "strnum": "^1.1.1"
            },
            "bin": {
                "fxparser": "src/cli/cli.js"
            }
        },
        "node_modules/firebase-admin": {
            "version": "13.4.0",
            "resolved": "https://registry.npmjs.org/firebase-admin/-/firebase-admin-13.4.0.tgz",
            "integrity": "sha512-Y8DcyKK+4pl4B93ooiy1G8qvdyRMkcNFfBSh+8rbVcw4cW8dgG0VXCCTp5NUwub8sn9vSPsOwpb9tE2OuFmcfQ==",
            "license": "Apache-2.0",
            "dependencies": {
                "@fastify/busboy": "^3.0.0",
                "@firebase/database-compat": "^2.0.0",
                "@firebase/database-types": "^1.0.6",
                "@types/node": "^22.8.7",
                "farmhash-modern": "^1.1.0",
                "google-auth-library": "^9.14.2",
                "jsonwebtoken": "^9.0.0",
                "jwks-rsa": "^3.1.0",
                "node-forge": "^1.3.1",
                "uuid": "^11.0.2"
            },
            "engines": {
                "node": ">=18"
            },
            "optionalDependencies": {
                "@google-cloud/firestore": "^7.11.0",
                "@google-cloud/storage": "^7.14.0"
            }
        },
        "node_modules/firebase-admin/node_modules/@types/node": {
            "version": "22.15.32",
            "resolved": "https://registry.npmjs.org/@types/node/-/node-22.15.32.tgz",
            "integrity": "sha512-3jigKqgSjsH6gYZv2nEsqdXfZqIFGAV36XYYjf9KGZ3PSG+IhLecqPnI310RvjutyMwifE2hhhNEklOUrvx/wA==",
            "license": "MIT",
            "dependencies": {
                "undici-types": "~6.21.0"
            }
        },
        "node_modules/firebase-admin/node_modules/undici-types": {
            "version": "6.21.0",
            "resolved": "https://registry.npmjs.org/undici-types/-/undici-types-6.21.0.tgz",
            "integrity": "sha512-iwDZqg0QAGrg9Rav5H4n0M64c3mkR59cJ6wQp+7C4nI0gsmExaedaYLNO44eT4AtBBwjbTiGPMlt2Md0T9H9JQ==",
            "license": "MIT"
        },
        "node_modules/functional-red-black-tree": {
            "version": "1.0.1",
            "resolved": "https://registry.npmjs.org/functional-red-black-tree/-/functional-red-black-tree-1.0.1.tgz",
            "integrity": "sha512-dsKNQNdj6xA3T+QlADDA7mOSlX0qiMINjn0cgr+eGHGsbSHzTabcIogz2+p/iqP1Xs6EP/sS2SbqH+brGTbq0g==",
            "license": "MIT",
            "optional": true
        },
        "node_modules/gaxios": {
            "version": "6.7.1",
            "resolved": "https://registry.npmjs.org/gaxios/-/gaxios-6.7.1.tgz",
            "integrity": "sha512-LDODD4TMYx7XXdpwxAVRAIAuB0bzv0s+ywFonY46k126qzQHT9ygyoa9tncmOiQmmDrik65UYsEkv3lbfqQ3yQ==",
            "license": "Apache-2.0",
            "dependencies": {
                "extend": "^3.0.2",
                "https-proxy-agent": "^7.0.1",
                "is-stream": "^2.0.0",
                "node-fetch": "^2.6.9",
                "uuid": "^9.0.1"
            },
            "engines": {
                "node": ">=14"
            }
        },
        "node_modules/gaxios/node_modules/uuid": {
            "version": "9.0.1",
            "resolved": "https://registry.npmjs.org/uuid/-/uuid-9.0.1.tgz",
            "integrity": "sha512-b+1eJOlsR9K8HJpow9Ok3fiWOWSIcIzXodvv0rQjVoOVNpWMpxf1wZNpt4y9h10odCNrqnYp1OBzRktckBe3sA==",
            "funding": [
                "https://github.com/sponsors/broofa",
                "https://github.com/sponsors/ctavan"
            ],
            "license": "MIT",
            "bin": {
                "uuid": "dist/bin/uuid"
            }
        },
        "node_modules/gcp-metadata": {
            "version": "5.3.0",
            "resolved": "https://registry.npmjs.org/gcp-metadata/-/gcp-metadata-5.3.0.tgz",
            "integrity": "sha512-FNTkdNEnBdlqF2oatizolQqNANMrcqJt6AAYt99B3y1aLLC8Hc5IOBb+ZnnzllodEEf6xMBp6wRcBbc16fa65w==",
            "license": "Apache-2.0",
            "optional": true,
            "peer": true,
            "dependencies": {
                "gaxios": "^5.0.0",
                "json-bigint": "^1.0.0"
            },
            "engines": {
                "node": ">=12"
            }
        },
        "node_modules/gcp-metadata/node_modules/agent-base": {
            "version": "6.0.2",
            "resolved": "https://registry.npmjs.org/agent-base/-/agent-base-6.0.2.tgz",
            "integrity": "sha512-RZNwNclF7+MS/8bDg70amg32dyeZGZxiDuQmZxKLAlQjr3jGyLx+4Kkk58UO7D2QdgFIQCovuSuZESne6RG6XQ==",
            "license": "MIT",
            "optional": true,
            "peer": true,
            "dependencies": {
                "debug": "4"
            },
            "engines": {
                "node": ">= 6.0.0"
            }
        },
        "node_modules/gcp-metadata/node_modules/gaxios": {
            "version": "5.1.3",
            "resolved": "https://registry.npmjs.org/gaxios/-/gaxios-5.1.3.tgz",
            "integrity": "sha512-95hVgBRgEIRQQQHIbnxBXeHbW4TqFk4ZDJW7wmVtvYar72FdhRIo1UGOLS2eRAKCPEdPBWu+M7+A33D9CdX9rA==",
            "license": "Apache-2.0",
            "optional": true,
            "peer": true,
            "dependencies": {
                "extend": "^3.0.2",
                "https-proxy-agent": "^5.0.0",
                "is-stream": "^2.0.0",
                "node-fetch": "^2.6.9"
            },
            "engines": {
                "node": ">=12"
            }
        },
        "node_modules/gcp-metadata/node_modules/https-proxy-agent": {
            "version": "5.0.1",
            "resolved": "https://registry.npmjs.org/https-proxy-agent/-/https-proxy-agent-5.0.1.tgz",
            "integrity": "sha512-dFcAjpTQFgoLMzC2VwU+C/CbS7uRL0lWmxDITmqm7C+7F0Odmj6s9l6alZc6AELXhrnggM2CeWSXHGOdX2YtwA==",
            "license": "MIT",
            "optional": true,
            "peer": true,
            "dependencies": {
                "agent-base": "6",
                "debug": "4"
            },
            "engines": {
                "node": ">= 6"
            }
        },
            "devOptional": true,
        "node_modules/google-auth-library": {
            "version": "9.15.1",
            "resolved": "https://registry.npmjs.org/google-auth-library/-/google-auth-library-9.15.1.tgz",
            "integrity": "sha512-Jb6Z0+nvECVz+2lzSMt9u98UsoakXxA2HGHMCxh+so3n90XgYWkq5dur19JAJV7ONiJY22yBTyJB1TSkvPq9Ng==",
            "license": "Apache-2.0",
            "dependencies": {
                "base64-js": "^1.3.0",
                "ecdsa-sig-formatter": "^1.0.11",
                "gaxios": "^6.1.1",
                "gcp-metadata": "^6.1.0",
                "gtoken": "^7.0.0",
                "jws": "^4.0.0"
            },
            "engines": {
                "node": ">=14"
            }
        },
        "node_modules/google-auth-library/node_modules/gcp-metadata": {
            "version": "6.1.1",
            "resolved": "https://registry.npmjs.org/gcp-metadata/-/gcp-metadata-6.1.1.tgz",
            "integrity": "sha512-a4tiq7E0/5fTjxPAaH4jpjkSv/uCaU2p5KC6HVGrvl0cDjA8iBZv4vv1gyzlmK0ZUKqwpOyQMKzZQe3lTit77A==",
            "license": "Apache-2.0",
            "dependencies": {
                "gaxios": "^6.1.1",
                "google-logging-utils": "^0.0.2",
                "json-bigint": "^1.0.0"
            },
            "engines": {
                "node": ">=14"
            }
        },
        "node_modules/google-gax": {
            "version": "4.6.1",
            "resolved": "https://registry.npmjs.org/google-gax/-/google-gax-4.6.1.tgz",
            "integrity": "sha512-V6eky/xz2mcKfAd1Ioxyd6nmA61gao3n01C+YeuIwu3vzM9EDR6wcVzMSIbLMDXWeoi9SHYctXuKYC5uJUT3eQ==",
            "license": "Apache-2.0",
            "optional": true,
            "dependencies": {
                "@grpc/grpc-js": "^1.10.9",
                "@grpc/proto-loader": "^0.7.13",
                "@types/long": "^4.0.0",
                "abort-controller": "^3.0.0",
                "duplexify": "^4.0.0",
                "google-auth-library": "^9.3.0",
                "node-fetch": "^2.7.0",
                "object-hash": "^3.0.0",
                "proto3-json-serializer": "^2.0.2",
                "protobufjs": "^7.3.2",
                "retry-request": "^7.0.0",
                "uuid": "^9.0.1"
            },
            "engines": {
                "node": ">=14"
            }
        },
        "node_modules/google-gax/node_modules/uuid": {
            "version": "9.0.1",
            "resolved": "https://registry.npmjs.org/uuid/-/uuid-9.0.1.tgz",
            "integrity": "sha512-b+1eJOlsR9K8HJpow9Ok3fiWOWSIcIzXodvv0rQjVoOVNpWMpxf1wZNpt4y9h10odCNrqnYp1OBzRktckBe3sA==",
            "funding": [
                "https://github.com/sponsors/broofa",
                "https://github.com/sponsors/ctavan"
            ],
            "license": "MIT",
            "optional": true,
            "bin": {
                "uuid": "dist/bin/uuid"
            }
        },
        "node_modules/google-logging-utils": {
            "version": "0.0.2",
            "resolved": "https://registry.npmjs.org/google-logging-utils/-/google-logging-utils-0.0.2.tgz",
            "integrity": "sha512-NEgUnEcBiP5HrPzufUkBzJOD/Sxsco3rLNo1F1TNf7ieU8ryUzBhqba8r756CjLX7rn3fHl6iLEwPYuqpoKgQQ==",
            "license": "Apache-2.0",
            "engines": {
                "node": ">=14"
            }
        },
        "node_modules/gtoken": {
            "version": "7.1.0",
            "resolved": "https://registry.npmjs.org/gtoken/-/gtoken-7.1.0.tgz",
            "integrity": "sha512-pCcEwRi+TKpMlxAQObHDQ56KawURgyAf6jtIY046fJ5tIv3zDe/LEIubckAO8fj6JnAxLdmWkUfNyulQ2iKdEw==",
            "license": "MIT",
            "dependencies": {
                "gaxios": "^6.0.0",
                "jws": "^4.0.0"
            },
            "engines": {
                "node": ">=14.0.0"
            }
        },
            "devOptional": true,
            "devOptional": true,
            "devOptional": true,
            "devOptional": true,
            "devOptional": true,
            "devOptional": true,
            "devOptional": true,
        "node_modules/jose": {
            "version": "4.15.9",
            "resolved": "https://registry.npmjs.org/jose/-/jose-4.15.9.tgz",
            "integrity": "sha512-1vUQX+IdDMVPj4k8kOxgUqlcK518yluMuGZwqlr44FS1ppZB/5GWh4rZG89erpOBOJjU/OBsnCVFfapsRz6nEA==",
            "license": "MIT",
            "funding": {
                "url": "https://github.com/sponsors/panva"
            }
        },
            "devOptional": true,
        "node_modules/json-bigint": {
            "version": "1.0.0",
            "resolved": "https://registry.npmjs.org/json-bigint/-/json-bigint-1.0.0.tgz",
            "integrity": "sha512-SiPv/8VpZuWbvLSMtTDU8hEfrZWg/mH/nV/b4o0CYbSxu1UIQPLdwKOCIyLQX+VIPO5vrLX3i8qtqFyhdPSUSQ==",
            "license": "MIT",
            "dependencies": {
                "bignumber.js": "^9.0.0"
            }
        },
        "node_modules/jsonwebtoken": {
            "version": "9.0.2",
            "resolved": "https://registry.npmjs.org/jsonwebtoken/-/jsonwebtoken-9.0.2.tgz",
            "integrity": "sha512-PRp66vJ865SSqOlgqS8hujT5U4AOgMfhrwYIuIhfKaoSCZcirrmASQr8CX7cUg+RMih+hgznrjp99o+W4pJLHQ==",
            "license": "MIT",
            "dependencies": {
                "jws": "^3.2.2",
                "lodash.includes": "^4.3.0",
                "lodash.isboolean": "^3.0.3",
                "lodash.isinteger": "^4.0.4",
                "lodash.isnumber": "^3.0.3",
                "lodash.isplainobject": "^4.0.6",
                "lodash.isstring": "^4.0.1",
                "lodash.once": "^4.0.0",
                "ms": "^2.1.1",
                "semver": "^7.5.4"
            },
            "engines": {
                "node": ">=12",
                "npm": ">=6"
            }
        },
        "node_modules/jsonwebtoken/node_modules/jwa": {
            "version": "1.4.2",
            "resolved": "https://registry.npmjs.org/jwa/-/jwa-1.4.2.tgz",
            "integrity": "sha512-eeH5JO+21J78qMvTIDdBXidBd6nG2kZjg5Ohz/1fpa28Z4CcsWUzJ1ZZyFq/3z3N17aZy+ZuBoHljASbL1WfOw==",
            "license": "MIT",
            "dependencies": {
                "buffer-equal-constant-time": "^1.0.1",
                "ecdsa-sig-formatter": "1.0.11",
                "safe-buffer": "^5.0.1"
            }
        },
        "node_modules/jsonwebtoken/node_modules/jws": {
            "version": "3.2.2",
            "resolved": "https://registry.npmjs.org/jws/-/jws-3.2.2.tgz",
            "integrity": "sha512-YHlZCB6lMTllWDtSPHz/ZXTsi8S00usEV6v1tjq8tOUZzw7DpSDWVXjXDre6ed1w/pd495ODpHZYSdkRTsa0HA==",
            "license": "MIT",
            "dependencies": {
                "jwa": "^1.4.1",
                "safe-buffer": "^5.0.1"
            }
        },
        "node_modules/jwa": {
            "version": "2.0.1",
            "resolved": "https://registry.npmjs.org/jwa/-/jwa-2.0.1.tgz",
            "integrity": "sha512-hRF04fqJIP8Abbkq5NKGN0Bbr3JxlQ+qhZufXVr0DvujKy93ZCbXZMHDL4EOtodSbCWxOqR8MS1tXA5hwqCXDg==",
            "license": "MIT",
            "dependencies": {
                "buffer-equal-constant-time": "^1.0.1",
                "ecdsa-sig-formatter": "1.0.11",
                "safe-buffer": "^5.0.1"
            }
        },
        "node_modules/jwks-rsa": {
            "version": "3.2.0",
            "resolved": "https://registry.npmjs.org/jwks-rsa/-/jwks-rsa-3.2.0.tgz",
            "integrity": "sha512-PwchfHcQK/5PSydeKCs1ylNym0w/SSv8a62DgHJ//7x2ZclCoinlsjAfDxAAbpoTPybOum/Jgy+vkvMmKz89Ww==",
            "license": "MIT",
            "dependencies": {
                "@types/express": "^4.17.20",
                "@types/jsonwebtoken": "^9.0.4",
                "debug": "^4.3.4",
                "jose": "^4.15.4",
                "limiter": "^1.1.5",
                "lru-memoizer": "^2.2.0"
            },
            "engines": {
                "node": ">=14"
            }
        },
        "node_modules/jws": {
            "version": "4.0.0",
            "resolved": "https://registry.npmjs.org/jws/-/jws-4.0.0.tgz",
            "integrity": "sha512-KDncfTmOZoOMTFG4mBlG0qUIOlc03fmzH+ru6RgYVZhPkyiy/92Owlt/8UEN+a4TXR1FQetfIpJE8ApdvdVxTg==",
            "license": "MIT",
            "dependencies": {
                "jwa": "^2.0.0",
                "safe-buffer": "^5.0.1"
            }
        },
        "node_modules/limiter": {
            "version": "1.1.5",
            "resolved": "https://registry.npmjs.org/limiter/-/limiter-1.1.5.tgz",
            "integrity": "sha512-FWWMIEOxz3GwUI4Ts/IvgVy6LPvoMPgjMdQ185nN6psJyBJ4yOpzqm695/h5umdLJg2vW3GR5iG11MAkR2AzJA=="
        },
        "node_modules/lodash.camelcase": {
            "version": "4.3.0",
            "resolved": "https://registry.npmjs.org/lodash.camelcase/-/lodash.camelcase-4.3.0.tgz",
            "integrity": "sha512-TwuEnCnxbc3rAvhf/LbG7tJUDzhqXyFnv3dtzLOPgCG/hODL7WFnsbwktkD7yUV0RrreP/l1PALq/YSg6VvjlA==",
            "license": "MIT",
            "optional": true
        },
        "node_modules/lodash.clonedeep": {
            "version": "4.5.0",
            "resolved": "https://registry.npmjs.org/lodash.clonedeep/-/lodash.clonedeep-4.5.0.tgz",
            "integrity": "sha512-H5ZhCF25riFd9uB5UCkVKo61m3S/xZk1x4wA6yp/L3RFP6Z/eHH1ymQcGLo7J3GMPfm0V/7m1tryHuGVxpqEBQ==",
            "license": "MIT"
        },
        "node_modules/lodash.includes": {
            "version": "4.3.0",
            "resolved": "https://registry.npmjs.org/lodash.includes/-/lodash.includes-4.3.0.tgz",
            "integrity": "sha512-W3Bx6mdkRTGtlJISOvVD/lbqjTlPPUDTMnlXZFnVwi9NKJ6tiAk6LVdlhZMm17VZisqhKcgzpO5Wz91PCt5b0w==",
            "license": "MIT"
        },
        "node_modules/lodash.isboolean": {
            "version": "3.0.3",
            "resolved": "https://registry.npmjs.org/lodash.isboolean/-/lodash.isboolean-3.0.3.tgz",
            "integrity": "sha512-Bz5mupy2SVbPHURB98VAcw+aHh4vRV5IPNhILUCsOzRmsTmSQ17jIuqopAentWoehktxGd9e/hbIXq980/1QJg==",
            "license": "MIT"
        },
        "node_modules/lodash.isinteger": {
            "version": "4.0.4",
            "resolved": "https://registry.npmjs.org/lodash.isinteger/-/lodash.isinteger-4.0.4.tgz",
            "integrity": "sha512-DBwtEWN2caHQ9/imiNeEA5ys1JoRtRfY3d7V9wkqtbycnAmTvRRmbHKDV4a0EYc678/dia0jrte4tjYwVBaZUA==",
            "license": "MIT"
        },
        "node_modules/lodash.isnumber": {
            "version": "3.0.3",
            "resolved": "https://registry.npmjs.org/lodash.isnumber/-/lodash.isnumber-3.0.3.tgz",
            "integrity": "sha512-QYqzpfwO3/CWf3XP+Z+tkQsfaLL/EnUlXWVkIk5FUPc4sBdTehEqZONuyRt2P67PXAk+NXmTBcc97zw9t1FQrw==",
            "license": "MIT"
        },
        "node_modules/lodash.isplainobject": {
            "version": "4.0.6",
            "resolved": "https://registry.npmjs.org/lodash.isplainobject/-/lodash.isplainobject-4.0.6.tgz",
            "integrity": "sha512-oSXzaWypCMHkPC3NvBEaPHf0KsA5mvPrOPgQWDsbg8n7orZ290M0BmC/jgRZ4vcJ6DTAhjrsSYgdsW/F+MFOBA==",
            "license": "MIT"
        },
        "node_modules/lodash.isstring": {
            "version": "4.0.1",
            "resolved": "https://registry.npmjs.org/lodash.isstring/-/lodash.isstring-4.0.1.tgz",
            "integrity": "sha512-0wJxfxH1wgO3GrbuP+dTTk7op+6L41QCXbGINEmD+ny/G/eCqGzxyCsh7159S+mgDDcoarnBw6PC1PS5+wUGgw==",
            "license": "MIT"
        },
        "node_modules/long": {
            "version": "5.3.2",
            "resolved": "https://registry.npmjs.org/long/-/long-5.3.2.tgz",
            "integrity": "sha512-mNAgZ1GmyNhD7AuqnTG3/VQ26o760+ZYBPKjPvugO8+nLbYfX6TVpJPseBvopbdY+qpZ/lKUnmEc1LeZYS3QAA==",
            "license": "Apache-2.0",
            "optional": true
        },
        "node_modules/lru-memoizer": {
            "version": "2.3.0",
            "resolved": "https://registry.npmjs.org/lru-memoizer/-/lru-memoizer-2.3.0.tgz",
            "integrity": "sha512-GXn7gyHAMhO13WSKrIiNfztwxodVsP8IoZ3XfrJV4yH2x0/OeTO/FIaAHTY5YekdGgW94njfuKmyyt1E0mR6Ug==",
            "license": "MIT",
            "dependencies": {
                "lodash.clonedeep": "^4.5.0",
                "lru-cache": "6.0.0"
            }
        },
        "node_modules/lru-memoizer/node_modules/lru-cache": {
            "version": "6.0.0",
            "resolved": "https://registry.npmjs.org/lru-cache/-/lru-cache-6.0.0.tgz",
            "integrity": "sha512-Jo6dJ04CmSjuznwJSS3pUeWmd/H0ffTlkXXgwZi+eq1UCmqQwCh+eLsYOYCwY991i2Fah4h1BEMCx4qThGbsiA==",
            "license": "ISC",
            "dependencies": {
                "yallist": "^4.0.0"
            },
            "engines": {
                "node": ">=10"
            }
        },
        "node_modules/lru-memoizer/node_modules/yallist": {
            "version": "4.0.0",
            "resolved": "https://registry.npmjs.org/yallist/-/yallist-4.0.0.tgz",
            "integrity": "sha512-3wdGidZyq5PB084XLES5TpOSRA3wjXAlIWMhum2kRcv/41Sn2emQ0dycQW4uZXLejwKvg6EsvbdlVL+FYEct7A==",
            "license": "ISC"
        },
        "node_modules/object-hash": {
            "version": "3.0.0",
            "resolved": "https://registry.npmjs.org/object-hash/-/object-hash-3.0.0.tgz",
            "integrity": "sha512-RSn9F68PjH9HqtltsSnqYC1XXoWe9Bju5+213R98cNGttag9q9yAOTzdbsqvIa7aNm5WffBZFpWYr2aWrklWAw==",
            "license": "MIT",
            "optional": true,
            "engines": {
                "node": ">= 6"
            }
        },
            "devOptional": true,
            "devOptional": true,
        "node_modules/proto3-json-serializer": {
            "version": "2.0.2",
            "resolved": "https://registry.npmjs.org/proto3-json-serializer/-/proto3-json-serializer-2.0.2.tgz",
            "integrity": "sha512-SAzp/O4Yh02jGdRc+uIrGoe87dkN/XtwxfZ4ZyafJHymd79ozp5VG5nyZ7ygqPM5+cpLDjjGnYFUkngonyDPOQ==",
            "license": "Apache-2.0",
            "optional": true,
            "dependencies": {
                "protobufjs": "^7.2.5"
            },
            "engines": {
                "node": ">=14.0.0"
            }
        },
        "node_modules/protobufjs": {
            "version": "7.5.3",
            "resolved": "https://registry.npmjs.org/protobufjs/-/protobufjs-7.5.3.tgz",
            "integrity": "sha512-sildjKwVqOI2kmFDiXQ6aEB0fjYTafpEvIBs8tOR8qI4spuL9OPROLVu2qZqi/xgCfsHIwVqlaF8JBjWFHnKbw==",
            "hasInstallScript": true,
            "license": "BSD-3-Clause",
            "optional": true,
            "dependencies": {
                "@protobufjs/aspromise": "^1.1.2",
                "@protobufjs/base64": "^1.1.2",
                "@protobufjs/codegen": "^2.0.4",
                "@protobufjs/eventemitter": "^1.1.0",
                "@protobufjs/fetch": "^1.1.0",
                "@protobufjs/float": "^1.0.2",
                "@protobufjs/inquire": "^1.1.0",
                "@protobufjs/path": "^1.1.2",
                "@protobufjs/pool": "^1.1.0",
                "@protobufjs/utf8": "^1.1.0",
                "@types/node": ">=13.7.0",
                "long": "^5.0.0"
            },
            "engines": {
                "node": ">=12.0.0"
            }
        },
            "devOptional": true,
            "devOptional": true,
            "devOptional": true,
        "node_modules/retry-request": {
            "version": "7.0.2",
            "resolved": "https://registry.npmjs.org/retry-request/-/retry-request-7.0.2.tgz",
            "integrity": "sha512-dUOvLMJ0/JJYEn8NrpOaGNE7X3vpI5XlZS/u0ANjqtcZVKnIxP7IgCFwrKTxENw29emmwug53awKtaMm4i9g5w==",
            "license": "MIT",
            "optional": true,
            "dependencies": {
                "@types/request": "^2.48.8",
                "extend": "^3.0.2",
                "teeny-request": "^9.0.0"
            },
            "engines": {
                "node": ">=14"
            }
        },
            "devOptional": true,
            "devOptional": true,
        "node_modules/stream-events": {
            "version": "1.0.5",
            "resolved": "https://registry.npmjs.org/stream-events/-/stream-events-1.0.5.tgz",
            "integrity": "sha512-E1GUzBSgvct8Jsb3v2X15pjzN1tYebtbLaMg+eBOUOAxgbLoSbT2NS91ckc5lJD1KfLjId+jXJRgo0qnV5Nerg==",
            "license": "MIT",
            "optional": true,
            "dependencies": {
                "stubs": "^3.0.0"
            }
        },
        "node_modules/stream-shift": {
            "version": "1.0.3",
            "resolved": "https://registry.npmjs.org/stream-shift/-/stream-shift-1.0.3.tgz",
            "integrity": "sha512-76ORR0DO1o1hlKwTbi/DM3EXWGf3ZJYO8cXX5RJwnul2DEg2oyoZyjLNoQM8WsvZiFKCRfC1O0J7iCvie3RZmQ==",
            "license": "MIT",
            "optional": true
        },
            "devOptional": true,
            "devOptional": true,
            "devOptional": true,
        "node_modules/strnum": {
            "version": "1.1.2",
            "resolved": "https://registry.npmjs.org/strnum/-/strnum-1.1.2.tgz",
            "integrity": "sha512-vrN+B7DBIoTTZjnPNewwhx6cBA/H+IS7rfW68n7XxC1y7uoiGQBxaKzqucGUgavX15dJgiGztLJ8vxuEzwqBdA==",
            "funding": [
                {
                    "type": "github",
                    "url": "https://github.com/sponsors/NaturalIntelligence"
                }
            ],
            "license": "MIT",
            "optional": true
        },
        "node_modules/stubs": {
            "version": "3.0.0",
            "resolved": "https://registry.npmjs.org/stubs/-/stubs-3.0.0.tgz",
            "integrity": "sha512-PdHt7hHUJKxvTCgbKX9C1V/ftOcjJQgz8BZwNfV5c4B6dcGqlpelTbJ999jBGZ2jYiPAwcX5dP6oBwVlBlUbxw==",
            "license": "MIT",
            "optional": true
        },
        "node_modules/teeny-request": {
            "version": "9.0.0",
            "resolved": "https://registry.npmjs.org/teeny-request/-/teeny-request-9.0.0.tgz",
            "integrity": "sha512-resvxdc6Mgb7YEThw6G6bExlXKkv6+YbuzGg9xuXxSgxJF7Ozs+o8Y9+2R3sArdWdW8nOokoQb1yrpFB0pQK2g==",
            "license": "Apache-2.0",
            "optional": true,
            "dependencies": {
                "http-proxy-agent": "^5.0.0",
                "https-proxy-agent": "^5.0.0",
                "node-fetch": "^2.6.9",
                "stream-events": "^1.0.5",
                "uuid": "^9.0.0"
            },
            "engines": {
                "node": ">=14"
            }
        },
        "node_modules/teeny-request/node_modules/agent-base": {
            "version": "6.0.2",
            "resolved": "https://registry.npmjs.org/agent-base/-/agent-base-6.0.2.tgz",
            "integrity": "sha512-RZNwNclF7+MS/8bDg70amg32dyeZGZxiDuQmZxKLAlQjr3jGyLx+4Kkk58UO7D2QdgFIQCovuSuZESne6RG6XQ==",
            "license": "MIT",
            "optional": true,
            "dependencies": {
                "debug": "4"
            },
            "engines": {
                "node": ">= 6.0.0"
            }
        },
        "node_modules/teeny-request/node_modules/https-proxy-agent": {
            "version": "5.0.1",
            "resolved": "https://registry.npmjs.org/https-proxy-agent/-/https-proxy-agent-5.0.1.tgz",
            "integrity": "sha512-dFcAjpTQFgoLMzC2VwU+C/CbS7uRL0lWmxDITmqm7C+7F0Odmj6s9l6alZc6AELXhrnggM2CeWSXHGOdX2YtwA==",
            "license": "MIT",
            "optional": true,
            "dependencies": {
                "agent-base": "6",
                "debug": "4"
            },
            "engines": {
                "node": ">= 6"
            }
        },
        "node_modules/teeny-request/node_modules/uuid": {
            "version": "9.0.1",
            "resolved": "https://registry.npmjs.org/uuid/-/uuid-9.0.1.tgz",
            "integrity": "sha512-b+1eJOlsR9K8HJpow9Ok3fiWOWSIcIzXodvv0rQjVoOVNpWMpxf1wZNpt4y9h10odCNrqnYp1OBzRktckBe3sA==",
            "funding": [
                "https://github.com/sponsors/broofa",
                "https://github.com/sponsors/ctavan"
            ],
            "license": "MIT",
            "optional": true,
            "bin": {
                "uuid": "dist/bin/uuid"
            }
        },
            "devOptional": true,
            "devOptional": true,
            "devOptional": true,
            "devOptional": true,
            "devOptional": true,
            "devOptional": true,
